{
  "name": "moneta",
  "version": "1.0.0",
  "lockfileVersion": 3,
  "requires": true,
  "packages": {
    "": {
      "name": "moneta",
      "version": "1.0.0",
      "dependencies": {
        "@material-design-icons/svg": "^0.14.15",
        "@playwright/cli": "^0.1.17",
        "bootstrap": "^5.3.0",
        "solid-js": "^1.9.14",
        "solid-transition-group": "^0.3.0"
      },
      "devDependencies": {
        "@playwright/test": "1.59.1"
      }
    },
    "node_modules/@material-design-icons/svg": {
      "version": "0.14.15",
      "resolved": "https://registry.npmjs.org/@material-design-icons/svg/-/svg-0.14.15.tgz",
      "integrity": "sha512-6nbjwGwyJnphwQUscJAYqw1Tk6+W8KvsgOAeyVgzIFXVsHfgX5XyplTUcZ29wbcTUysMMyCUi1LYpmFKA/e61g==",
      "license": "Apache-2.0"
    },
    "node_modules/@playwright/cli": {
      "version": "0.1.17",
      "resolved": "https://registry.npmjs.org/@playwright/cli/-/cli-0.1.17.tgz",
      "integrity": "sha512-VBw6y3p8eqOqmjKg07IkWSPGKJkpIhMRNDFI6DOYsDD6fAfcI1XYEWMLWyhSZQ0B/Oc2KN49eq4XqE64PUPHBg==",
      "license": "Apache-2.0",
      "dependencies": {
        "playwright": "1.62.0-alpha-1783623505000",
        "playwright-core": "1.62.0-alpha-1783623505000"
      },
      "bin": {
        "playwright-cli": "playwright-cli.js"
      },
      "engines": {
        "node": ">=18"
      }
    },
    "node_modules/@playwright/test": {
      "version": "1.59.1",
      "resolved": "https://registry.npmjs.org/@playwright/test/-/test-1.59.1.tgz",
      "integrity": "sha512-PG6q63nQg5c9rIi4/Z5lR5IVF7yU5MqmKaPOe0HSc0O2cX1fPi96sUQu5j7eo4gKCkB2AnNGoWt7y4/Xx3Kcqg==",
      "dev": true,
      "license": "Apache-2.0",
      "dependencies": {
        "playwright": "1.59.1"
      },
      "bin": {
        "playwright": "cli.js"
      },
      "engines": {
        "node": ">=18"
      }
    },
    "node_modules/@playwright/test/node_modules/playwright": {
      "version": "1.59.1",
      "resolved": "https://registry.npmjs.org/playwright/-/playwright-1.59.1.tgz",
      "integrity": "sha512-C8oWjPR3F81yljW9o5OxcWzfh6avkVwDD2VYdwIGqTkl+OGFISgypqzfu7dOe4QNLL2aqcWBmI3PMtLIK233lw==",
      "dev": true,
      "license": "Apache-2.0",
      "dependencies": {
        "playwright-core": "1.59.1"
      },
      "bin": {
        "playwright": "cli.js"
      },
      "engines": {
        "node": ">=18"
      },
      "optionalDependencies": {
        "fsevents": "2.3.2"
      }
    },
    "node_modules/@playwright/test/node_modules/playwright-core": {
      "version": "1.59.1",
      "resolved": "https://registry.npmjs.org/playwright-core/-/playwright-core-1.59.1.tgz",
      "integrity": "sha512-HBV/RJg81z5BiiZ9yPzIiClYV/QMsDCKUyogwH9p3MCP6IYjUFu/MActgYAvK0oWyV9NlwM3GLBjADyWgydVyg==",
      "dev": true,
      "license": "Apache-2.0",
      "bin": {
        "playwright-core": "cli.js"
      },
      "engines": {
        "node": ">=18"
      }
    },
    "node_modules/@popperjs/core": {
      "version": "2.11.8",
      "resolved": "https://registry.npmjs.org/@popperjs/core/-/core-2.11.8.tgz",
      "integrity": "sha512-P1st0aksCrn9sGZhp8GMYwBnQsbvAWsZAX44oXNNvLHGqAOcoVxmjZiohstwQ7SqKnbR47akdNi+uleWD8+g6A==",
      "license": "MIT",
      "peer": true,
      "funding": {
        "type": "opencollective",
        "url": "https://opencollective.com/popperjs"
      }
    },
    "node_modules/@solid-primitives/refs": {
      "version": "1.1.4",
      "resolved": "https://registry.npmjs.org/@solid-primitives/refs/-/refs-1.1.4.tgz",
      "integrity": "sha512-bLjwIs6ZPu8NQnuw04sU3Zc8qKSpbc0umUU/O4SHf6oWOdO4+dHY8vb1T7C4b/Tg103+9WGr6sEE0+NFlbaB/A==",
      "license": "MIT",
      "dependencies": {
        "@solid-primitives/utils": "^6.4.1"
      },
      "peerDependencies": {
        "solid-js": "^1.6.12"
      }
    },
    "node_modules/@solid-primitives/transition-group": {
      "version": "1.1.2",
      "resolved": "https://registry.npmjs.org/@solid-primitives/transition-group/-/transition-group-1.1.2.tgz",
      "integrity": "sha512-gnHS0OmcdjeoHN9n7Khu8KNrOlRc8a2weETDt2YT6o1zeW/XtUC6Db3Q9pkMU/9cCKdEmN4b0a/41MKAHRhzWA==",
      "license": "MIT",
      "peerDependencies": {
        "solid-js": "^1.6.12"
      }
    },
    "node_modules/@solid-primitives/utils": {
      "version": "6.4.1",
      "resolved": "https://registry.npmjs.org/@solid-primitives/utils/-/utils-6.4.1.tgz",
      "integrity": "sha512-ISSB5QX1qP2ynrheIpYwc4oKR5Ny4siNuUyf1qZniy+Il+p/PtDB0QK1Dnle8noiHpwRD3gpPdubOC3qI/Zamg==",
      "license": "MIT",
      "peerDependencies": {
        "solid-js": "^1.6.12"
      }
    },
    "node_modules/bootstrap": {
      "version": "5.3.7",
      "resolved": "https://registry.npmjs.org/bootstrap/-/bootstrap-5.3.7.tgz",
      "integrity": "sha512-7KgiD8UHjfcPBHEpDNg+zGz8L3LqR3GVwqZiBRFX04a1BCArZOz1r2kjly2HQ0WokqTO0v1nF+QAt8dsW4lKlw==",
      "funding": [
        {
          "type": "github",
          "url": "https://github.com/sponsors/twbs"
        },
        {
          "type": "opencollective",
          "url": "https://opencollective.com/bootstrap"
        }
      ],
      "license": "MIT",
      "peerDependencies": {
        "@popperjs/core": "^2.11.8"
      }
    },
    "node_modules/csstype": {
      "version": "3.2.3",
      "resolved": "https://registry.npmjs.org/csstype/-/csstype-3.2.3.tgz",
      "integrity": "sha512-z1HGKcYy2xA8AGQfwrn0PAy+PB7X/GSj3UVJW9qKyn43xWa+gl5nXmU4qqLMRzWVLFC8KusUX8T/0kCiOYpAIQ==",
      "license": "MIT"
    },
    "node_modules/fsevents": {
      "version": "2.3.2",
      "resolved": "https://registry.npmjs.org/fsevents/-/fsevents-2.3.2.tgz",
      "integrity": "sha512-xiqMQR4xAeHTuB9uWm+fFRcIOgKBMiOBP+eXiyT7jsgVCq1bkVygt00oASowB7EdtpOHaaPgKt812P9ab+DDKA==",
      "hasInstallScript": true,
      "license": "MIT",
      "optional": true,
      "os": [
        "darwin"
      ],
      "engines": {
        "node": "^8.16.0 || ^10.6.0 || >=11.0.0"
      }
    },
    "node_modules/playwright": {
      "version": "1.62.0-alpha-1783623505000",
      "resolved": "https://registry.npmjs.org/playwright/-/playwright-1.62.0-alpha-1783623505000.tgz",
      "integrity": "sha512-6KV9h4PP3hqu4NaGdxxcijWfYh9LJcFI/R2sP4TTC4I5cFo3oRawN0ETlW5MkE3cQEgKhhoj0KUNz4sfpCT0Tg==",
      "license": "Apache-2.0",
      "dependencies": {
        "playwright-core": "1.62.0-alpha-1783623505000"
      },
      "bin": {
        "playwright": "cli.js"
      },
      "engines": {
        "node": ">=20"
      },
      "optionalDependencies": {
        "fsevents": "2.3.2"
      }
    },
    "node_modules/playwright-core": {
      "version": "1.62.0-alpha-1783623505000",
      "resolved": "https://registry.npmjs.org/playwright-core/-/playwright-core-1.62.0-alpha-1783623505000.tgz",
      "integrity": "sha512-CPJZdsA/KGT2QQlekiV6Wt+QlQrZHVSZ6oiNtOI/bYYOIVLM8jfKGWTM4zQiyd4UN+40Cq4cA6lxmZHZbtPvJQ==",
      "license": "Apache-2.0",
      "bin": {
        "playwright-core": "cli.js"
      },
      "engines": {
        "node": ">=20"
      }
    },
    "node_modules/seroval": {
      "version": "1.5.6",
      "resolved": "https://registry.npmjs.org/seroval/-/seroval-1.5.6.tgz",
      "integrity": "sha512-rVQVWjjSvlINzaQPZH5JFqsqEsIWdTxY3iJZCnTL/5gQbXIRooVZKI60tVCkOVfzcRPejboxO2t0P89dg5mQaA==",
      "license": "MIT",
      "engines": {
        "node": ">=10"
      }
    },
    "node_modules/seroval-plugins": {
      "version": "1.5.6",
      "resolved": "https://registry.npmjs.org/seroval-plugins/-/seroval-plugins-1.5.6.tgz",
      "integrity": "sha512-HXuLAX2pu/UByPpaeo/TaMfvMIi+1QqIoPJYCcAtU8QkVNwgR6MPlGuCQTErV1JwraaMbYaWVIBX7mppzGLATQ==",
      "license": "MIT",
      "engines": {
        "node": ">=10"
      },
      "peerDependencies": {
        "seroval": "^1.0"
      }
    },
    "node_modules/solid-js": {
      "version": "1.9.14",
      "resolved": "https://registry.npmjs.org/solid-js/-/solid-js-1.9.14.tgz",
      "integrity": "sha512-sAEXC0Kk0S1EDg+8ysEWJDbYhA3RRoEjwuySUGlKIemeo0I5YZfOyumNjNs9Sv3y2nmhD+0rW66ag2HsMuQiGQ==",
      "license": "MIT",
      "dependencies": {
        "csstype": "^3.1.0",
        "seroval": "~1.5.4",
        "seroval-plugins": "~1.5.4"
      }
    },
    "node_modules/solid-transition-group": {
      "version": "0.3.0",
      "resolved": "https://registry.npmjs.org/solid-transition-group/-/solid-transition-group-0.3.0.tgz",
      "integrity": "sha512-gzFbtxkEnA8Hgi7UzmEjPPRl4rodoKLs+AGIXA7kJgjOr4j4qFRw39npu+WpdNSDV7aDKr+K0LFcoT9Kbm5PBA==",
      "license": "MIT",
      "dependencies": {
        "@solid-primitives/refs": "^1.1.0",
        "@solid-primitives/transition-group": "^1.1.0"
      },
      "engines": {
        "node": ">=20.0.0",
        "pnpm": ">=9.0.0"
      },
      "peerDependencies": {
        "solid-js": "^1.6.12"
      }
    }
  }
}
